
Microsoft Visual Studio Solution File, Format Version 12.00
# Visual Studio Version 16
VisualStudioVersion = 16.0.30128.74
MinimumVisualStudioVersion = 10.0.40219.1
Project("{FAE04EC0-301F-11D3-BF4B-00C04F79EFBC}") = "ConsoleApp1", "ConsoleApp1\ConsoleApp1.csproj", "{373AECBA-D825-4AF1-9F1A-ACCF3630C752}"
EndProject
Global
	GlobalSection(SolutionConfigurationPlatforms) = preSolution
		Debug|Any CPU = Debug|Any CPU
		Release|Any CPU = Release|Any CPU
	EndGlobalSection
	GlobalSection(ProjectConfigurationPlatforms) = postSolution
		{373AECBA-D825-4AF1-9F1A-ACCF3630C752}.Debug|Any CPU.ActiveCfg = Debug|Any CPU
		{373AECBA-D825-4AF1-9F1A-ACCF3630C752}.Debug|Any CPU.Build.0 = Debug|Any CPU
		{373AECBA-D825-4AF1-9F1A-ACCF3630C752}.Release|Any CPU.ActiveCfg = Release|Any CPU
		{373AECBA-D825-4AF1-9F1A-ACCF3630C752}.Release|Any CPU.Build.0 = Release|Any CPU
	EndGlobalSection
	GlobalSection(SolutionProperties) = preSolution
		HideSolutionNode = FALSE
	EndGlobalSection
	GlobalSection(ExtensibilityGlobals) = postSolution
		SolutionGuid = {6E3FA1D8-63DF-4DBF-BC7E-8BC8A1E72C15}
	EndGlobalSection
EndGlobal
