
Microsoft Visual Studio Solution File, Format Version 12.00
# Visual Studio 15
VisualStudioVersion = 15.0.28307.1145
MinimumVisualStudioVersion = 10.0.40219.1
Project("{FAE04EC0-301F-11D3-BF4B-00C04F79EFBC}") = "Server", "Server\Server.csproj", "{E87A73BC-577F-43DE-BB6A-EE690ED40D36}"
EndProject
Project("{FAE04EC0-301F-11D3-BF4B-00C04F79EFBC}") = "PEProtocol", "PEProtocol\PEProtocol\PEProtocol.csproj", "{EE3AF2BE-9222-4A27-AB00-AF5BA5E1B123}"
EndProject
Global
	GlobalSection(SolutionConfigurationPlatforms) = preSolution
		Debug|Any CPU = Debug|Any CPU
		Release|Any CPU = Release|Any CPU
	EndGlobalSection
	GlobalSection(ProjectConfigurationPlatforms) = postSolution
		{E87A73BC-577F-43DE-BB6A-EE690ED40D36}.Debug|Any CPU.ActiveCfg = Debug|Any CPU
		{E87A73BC-577F-43DE-BB6A-EE690ED40D36}.Debug|Any CPU.Build.0 = Debug|Any CPU
		{E87A73BC-577F-43DE-BB6A-EE690ED40D36}.Release|Any CPU.ActiveCfg = Release|Any CPU
		{E87A73BC-577F-43DE-BB6A-EE690ED40D36}.Release|Any CPU.Build.0 = Release|Any CPU
		{EE3AF2BE-9222-4A27-AB00-AF5BA5E1B123}.Debug|Any CPU.ActiveCfg = Debug|Any CPU
		{EE3AF2BE-9222-4A27-AB00-AF5BA5E1B123}.Debug|Any CPU.Build.0 = Debug|Any CPU
		{EE3AF2BE-9222-4A27-AB00-AF5BA5E1B123}.Release|Any CPU.ActiveCfg = Release|Any CPU
		{EE3AF2BE-9222-4A27-AB00-AF5BA5E1B123}.Release|Any CPU.Build.0 = Release|Any CPU
	EndGlobalSection
	GlobalSection(SolutionProperties) = preSolution
		HideSolutionNode = FALSE
	EndGlobalSection
	GlobalSection(ExtensibilityGlobals) = postSolution
		SolutionGuid = {3B7C0A44-1BF1-46CE-9E76-032FE3B6427E}
	EndGlobalSection
EndGlobal
